{
 "graph_lock": {
  "nodes": {
   "0": {
    "ref": "boost/1.75.0",
    "options": "addr2line_location=/usr/bin/addr2line\nasio_no_deprecated=False\nbuildid=None\nbzip2=True\ndebug_level=0\ndiagnostic_definitions=False\nerror_code_header_only=False\nextra_b2_flags=None\nfilesystem_no_deprecated=False\nheader_only=False\ni18n_backend=deprecated\ni18n_backend_iconv=libc\ni18n_backend_icu=False\nlayout=system\nlzma=False\nmagic_autolink=False\nmultithreading=True\nnamespace=boost\nnamespace_alias=False\nnuma=True\npch=True\npython_buildid=None\npython_executable=/usr/bin/python3.7\npython_version=3.7\nsegmented_stacks=False\nshared=True\nsystem_no_deprecated=False\nvisibility=hidden\nwith_stacktrace_backtrace=True\nwithout_atomic=False\nwithout_chrono=False\nwithout_container=False\nwithout_context=False\nwithout_contract=False\nwithout_coroutine=False\nwithout_date_time=False\nwithout_exception=False\nwithout_fiber=False\nwithout_filesystem=False\nwithout_graph=False\nwithout_graph_parallel=True\nwithout_iostreams=False\nwithout_json=False\nwithout_locale=False\nwithout_log=False\nwithout_math=False\nwithout_mpi=True\nwithout_nowide=False\nwithout_program_options=False\nwithout_python=False\nwithout_random=False\nwithout_regex=False\nwithout_serialization=False\nwithout_stacktrace=False\nwithout_system=False\nwithout_test=False\nwithout_thread=False\nwithout_timer=False\nwithout_type_erasure=False\nwithout_wave=False\nzlib=True\nzstd=False\nbzip2:build_executable=True\nbzip2:fPIC=True\nbzip2:shared=False\nlibbacktrace:fPIC=True\nlibbacktrace:shared=False\nzlib:fPIC=True\nzlib:shared=False",
    "requires": [
     "1",
     "2",
     "3"
    ],
    "build_requires": [
     "4"
    ],
    "path": "../conanfile.py",
    "context": "host"
   },
   "1": {
    "ref": "zlib/1.2.11",
    "options": "fPIC=True\nshared=False",
    "package_id": "d50a0d523d98c15bb147b18fa7d203887c38be8b",
    "prev": "0",
    "context": "host"
   },
   "2": {
    "ref": "bzip2/1.0.8",
    "options": "build_executable=True\nfPIC=True\nshared=False",
    "package_id": "b27e2b40bcb70be2e7d6f0e0c6e43e35c530f8d3",
    "prev": "0",
    "context": "host"
   },
   "3": {
    "ref": "libbacktrace/cci.20210118",
    "options": "fPIC=True\nshared=False",
    "package_id": "d50a0d523d98c15bb147b18fa7d203887c38be8b",
    "prev": "0",
    "context": "host"
   },
   "4": {
    "ref": "b2/4.5.0",
    "options": "toolset=auto\nuse_cxx_env=False",
    "package_id": "4db1be536558d833e52e862fd84d64d75c2b3656",
    "prev": "0",
    "context": "host"
   }
  },
  "revisions_enabled": false
 },
 "version": "0.4",
 "profile_host": "[settings]\narch=x86_64\narch_build=x86_64\nbuild_type=Release\ncompiler=gcc\ncompiler.libcxx=libstdc++\ncompiler.version=7\nos=Linux\nos_build=Linux\n[options]\nboost:python_executable=/usr/bin/python3.7\nboost:shared=True\nboost:without_python=False\n[build_requires]\n[env]\n"
}
